// !$*UTF8*$!
{
	archiveVersion = 1;
	classes = {
	};
	objectVersion = 51;
	objects = {

/* Begin PBXBuildFile section */
		3324C123ED0BEACFED497355 /* Pods_todo_demo_starter.framework in Frameworks */ = {isa = PBXBuildFile; fileRef = 61757B4005F591181CBF2430 /* Pods_todo_demo_starter.framework */; };
		CC20F1AB2355778D005ED0C5 /* AppDelegate.swift in Sources */ = {isa = PBXBuildFile; fileRef = CC20F1AA2355778D005ED0C5 /* AppDelegate.swift */; };
		CC20F1AD2355778D005ED0C5 /* SceneDelegate.swift in Sources */ = {isa = PBXBuildFile; fileRef = CC20F1AC2355778D005ED0C5 /* SceneDelegate.swift */; };
		CC20F1B22355778D005ED0C5 /* Main.storyboard in Resources */ = {isa = PBXBuildFile; fileRef = CC20F1B02355778D005ED0C5 /* Main.storyboard */; };
		CC20F1B42355778E005ED0C5 /* Assets.xcassets in Resources */ = {isa = PBXBuildFile; fileRef = CC20F1B32355778E005ED0C5 /* Assets.xcassets */; };
		CC20F1B72355778E005ED0C5 /* LaunchScreen.storyboard in Resources */ = {isa = PBXBuildFile; fileRef = CC20F1B52355778E005ED0C5 /* LaunchScreen.storyboard */; };
		CC20F1BF23557BF1005ED0C5 /* TasksTableViewController.swift in Sources */ = {isa = PBXBuildFile; fileRef = CC20F1BE23557BF1005ED0C5 /* TasksTableViewController.swift */; };
/* End PBXBuildFile section */

/* Begin PBXFileReference section */
		61757B4005F591181CBF2430 /* Pods_todo_demo_starter.framework */ = {isa = PBXFileReference; explicitFileType = wrapper.framework; includeInIndex = 0; path = Pods_todo_demo_starter.framework; sourceTree = BUILT_PRODUCTS_DIR; };
		67B7A47D5D16C7E9EE2F9B83 /* Pods-todo-demo-starter.release.xcconfig */ = {isa = PBXFileReference; includeInIndex = 1; lastKnownFileType = text.xcconfig; name = "Pods-todo-demo-starter.release.xcconfig"; path = "Target Support Files/Pods-todo-demo-starter/Pods-todo-demo-starter.release.xcconfig"; sourceTree = "<group>"; };
		CC20F1A72355778D005ED0C5 /* todo-demo-starter.app */ = {isa = PBXFileReference; explicitFileType = wrapper.application; includeInIndex = 0; path = "todo-demo-starter.app"; sourceTree = BUILT_PRODUCTS_DIR; };
		CC20F1AA2355778D005ED0C5 /* AppDelegate.swift */ = {isa = PBXFileReference; lastKnownFileType = sourcecode.swift; path = AppDelegate.swift; sourceTree = "<group>"; };
		CC20F1AC2355778D005ED0C5 /* SceneDelegate.swift */ = {isa = PBXFileReference; lastKnownFileType = sourcecode.swift; path = SceneDelegate.swift; sourceTree = "<group>"; };
		CC20F1B12355778D005ED0C5 /* Base */ = {isa = PBXFileReference; lastKnownFileType = file.storyboard; name = Base; path = Base.lproj/Main.storyboard; sourceTree = "<group>"; };
		CC20F1B32355778E005ED0C5 /* Assets.xcassets */ = {isa = PBXFileReference; lastKnownFileType = folder.assetcatalog; path = Assets.xcassets; sourceTree = "<group>"; };
		CC20F1B62355778E005ED0C5 /* Base */ = {isa = PBXFileReference; lastKnownFileType = file.storyboard; name = Base; path = Base.lproj/LaunchScreen.storyboard; sourceTree = "<group>"; };
		CC20F1B82355778E005ED0C5 /* Info.plist */ = {isa = PBXFileReference; lastKnownFileType = text.plist.xml; path = Info.plist; sourceTree = "<group>"; };
		CC20F1BE23557BF1005ED0C5 /* TasksTableViewController.swift */ = {isa = PBXFileReference; lastKnownFileType = sourcecode.swift; path = TasksTableViewController.swift; sourceTree = "<group>"; };
		E401F237368C2280804553BB /* Pods-todo-demo-starter.debug.xcconfig */ = {isa = PBXFileReference; includeInIndex = 1; lastKnownFileType = text.xcconfig; name = "Pods-todo-demo-starter.debug.xcconfig"; path = "Target Support Files/Pods-todo-demo-starter/Pods-todo-demo-starter.debug.xcconfig"; sourceTree = "<group>"; };
/* End PBXFileReference section */

/* Begin PBXFrameworksBuildPhase section */
		CC20F1A42355778D005ED0C5 /* Frameworks */ = {
			isa = PBXFrameworksBuildPhase;
			buildActionMask = 2147483647;
			files = (
				3324C123ED0BEACFED497355 /* Pods_todo_demo_starter.framework in Frameworks */,
			);
			runOnlyForDeploymentPostprocessing = 0;
		};
/* End PBXFrameworksBuildPhase section */

/* Begin PBXGroup section */
		5FC620370C6859452ACED207 /* Pods */ = {
			isa = PBXGroup;
			children = (
				E401F237368C2280804553BB /* Pods-todo-demo-starter.debug.xcconfig */,
				67B7A47D5D16C7E9EE2F9B83 /* Pods-todo-demo-starter.release.xcconfig */,
			);
			path = Pods;
			sourceTree = "<group>";
		};
		CC20F19E2355778D005ED0C5 = {
			isa = PBXGroup;
			children = (
				CC20F1A92355778D005ED0C5 /* todo-demo-starter */,
				CC20F1A82355778D005ED0C5 /* Products */,
				5FC620370C6859452ACED207 /* Pods */,
				D5817F19BEFCF3D67499793B /* Frameworks */,
			);
			sourceTree = "<group>";
		};
		CC20F1A82355778D005ED0C5 /* Products */ = {
			isa = PBXGroup;
			children = (
				CC20F1A72355778D005ED0C5 /* todo-demo-starter.app */,
			);
			name = Products;
			sourceTree = "<group>";
		};
		CC20F1A92355778D005ED0C5 /* todo-demo-starter */ = {
			isa = PBXGroup;
			children = (
				CC20F1AA2355778D005ED0C5 /* AppDelegate.swift */,
				CC20F1AC2355778D005ED0C5 /* SceneDelegate.swift */,
				CC20F1BE23557BF1005ED0C5 /* TasksTableViewController.swift */,
				CC20F1B02355778D005ED0C5 /* Main.storyboard */,
				CC20F1B32355778E005ED0C5 /* Assets.xcassets */,
				CC20F1B52355778E005ED0C5 /* LaunchScreen.storyboard */,
				CC20F1B82355778E005ED0C5 /* Info.plist */,
			);
			path = "todo-demo-starter";
			sourceTree = "<group>";
		};
		D5817F19BEFCF3D67499793B /* Frameworks */ = {
			isa = PBXGroup;
			children = (
				61757B4005F591181CBF2430 /* Pods_todo_demo_starter.framework */,
			);
			name = Frameworks;
			sourceTree = "<group>";
		};
/* End PBXGroup section */

/* Begin PBXNativeTarget section */
		CC20F1A62355778D005ED0C5 /* todo-demo-starter */ = {
			isa = PBXNativeTarget;
			buildConfigurationList = CC20F1BB2355778E005ED0C5 /* Build configuration list for PBXNativeTarget "todo-demo-starter" */;
			buildPhases = (
				7A02C84EC2774EA1DED639AC /* [CP] Check Pods Manifest.lock */,
				CC20F1A32355778D005ED0C5 /* Sources */,
				CC20F1A42355778D005ED0C5 /* Frameworks */,
				CC20F1A52355778D005ED0C5 /* Resources */,
				8C0C12A8A870C0E001302CB6 /* [CP] Embed Pods Frameworks */,
			);
			buildRules = (
			);
			dependencies = (
			);
			name = "todo-demo-starter";
			productName = "todo-demo-starter";
			productReference = CC20F1A72355778D005ED0C5 /* todo-demo-starter.app */;
			productType = "com.apple.product-type.application";
		};
/* End PBXNativeTarget section */

/* Begin PBXProject section */
		CC20F19F2355778D005ED0C5 /* Project object */ = {
			isa = PBXProject;
			attributes = {
				LastSwiftUpdateCheck = 1110;
				LastUpgradeCheck = 1110;
				ORGANIZATIONNAME = "DittoLive Incorporated";
				TargetAttributes = {
					CC20F1A62355778D005ED0C5 = {
						CreatedOnToolsVersion = 11.1;
					};
				};
			};
			buildConfigurationList = CC20F1A22355778D005ED0C5 /* Build configuration list for PBXProject "todo-demo-starter" */;
			compatibilityVersion = "Xcode 9.3";
			developmentRegion = en;
			hasScannedForEncodings = 0;
			knownRegions = (
				en,
				Base,
			);
			mainGroup = CC20F19E2355778D005ED0C5;
			productRefGroup = CC20F1A82355778D005ED0C5 /* Products */;
			projectDirPath = "";
			projectRoot = "";
			targets = (
				CC20F1A62355778D005ED0C5 /* todo-demo-starter */,
			);
		};
/* End PBXProject section */

/* Begin PBXResourcesBuildPhase section */
		CC20F1A52355778D005ED0C5 /* Resources */ = {
			isa = PBXResourcesBuildPhase;
			buildActionMask = 2147483647;
			files = (
				CC20F1B72355778E005ED0C5 /* LaunchScreen.storyboard in Resources */,
				CC20F1B42355778E005ED0C5 /* Assets.xcassets in Resources */,
				CC20F1B22355778D005ED0C5 /* Main.storyboard in Resources */,
			);
			runOnlyForDeploymentPostprocessing = 0;
		};
/* End PBXResourcesBuildPhase section */

/* Begin PBXShellScriptBuildPhase section */
		7A02C84EC2774EA1DED639AC /* [CP] Check Pods Manifest.lock */ = {
			isa = PBXShellScriptBuildPhase;
			buildActionMask = 2147483647;
			files = (
			);
			inputFileListPaths = (
			);
			inputPaths = (
				"${PODS_PODFILE_DIR_PATH}/Podfile.lock",
				"${PODS_ROOT}/Manifest.lock",
			);
			name = "[CP] Check Pods Manifest.lock";
			outputFileListPaths = (
			);
			outputPaths = (
				"$(DERIVED_FILE_DIR)/Pods-todo-demo-starter-checkManifestLockResult.txt",
			);
			runOnlyForDeploymentPostprocessing = 0;
			shellPath = /bin/sh;
			shellScript = "diff \"${PODS_PODFILE_DIR_PATH}/Podfile.lock\" \"${PODS_ROOT}/Manifest.lock\" > /dev/null\nif [ $? != 0 ] ; then\n    # print error to STDERR\n    echo \"error: The sandbox is not in sync with the Podfile.lock. Run 'pod install' or update your CocoaPods installation.\" >&2\n    exit 1\nfi\n# This output is used by Xcode 'outputs' to avoid re-running this script phase.\necho \"SUCCESS\" > \"${SCRIPT_OUTPUT_FILE_0}\"\n";
			showEnvVarsInLog = 0;
		};
		8C0C12A8A870C0E001302CB6 /* [CP] Embed Pods Frameworks */ = {
			isa = PBXShellScriptBuildPhase;
			buildActionMask = 2147483647;
			files = (
			);
			inputFileListPaths = (
				"${PODS_ROOT}/Target Support Files/Pods-todo-demo-starter/Pods-todo-demo-starter-frameworks-${CONFIGURATION}-input-files.xcfilelist",
			);
			name = "[CP] Embed Pods Frameworks";
			outputFileListPaths = (
				"${PODS_ROOT}/Target Support Files/Pods-todo-demo-starter/Pods-todo-demo-starter-frameworks-${CONFIGURATION}-output-files.xcfilelist",
			);
			runOnlyForDeploymentPostprocessing = 0;
			shellPath = /bin/sh;
			shellScript = "\"${PODS_ROOT}/Target Support Files/Pods-todo-demo-starter/Pods-todo-demo-starter-frameworks.sh\"\n";
			showEnvVarsInLog = 0;
		};
/* End PBXShellScriptBuildPhase section */

/* Begin PBXSourcesBuildPhase section */
		CC20F1A32355778D005ED0C5 /* Sources */ = {
			isa = PBXSourcesBuildPhase;
			buildActionMask = 2147483647;
			files = (
				CC20F1AB2355778D005ED0C5 /* AppDelegate.swift in Sources */,
				CC20F1BF23557BF1005ED0C5 /* TasksTableViewController.swift in Sources */,
				CC20F1AD2355778D005ED0C5 /* SceneDelegate.swift in Sources */,
			);
			runOnlyForDeploymentPostprocessing = 0;
		};
/* End PBXSourcesBuildPhase section */

/* Begin PBXVariantGroup section */
		CC20F1B02355778D005ED0C5 /* Main.storyboard */ = {
			isa = PBXVariantGroup;
			children = (
				CC20F1B12355778D005ED0C5 /* Base */,
			);
			name = Main.storyboard;
			sourceTree = "<group>";
		};
		CC20F1B52355778E005ED0C5 /* LaunchScreen.storyboard */ = {
			isa = PBXVariantGroup;
			children = (
				CC20F1B62355778E005ED0C5 /* Base */,
			);
			name = LaunchScreen.storyboard;
			sourceTree = "<group>";
		};
/* End PBXVariantGroup section */

/* Begin XCBuildConfiguration section */
		CC20F1B92355778E005ED0C5 /* Debug */ = {
			isa = XCBuildConfiguration;
			buildSettings = {
				ALWAYS_SEARCH_USER_PATHS = NO;
				CLANG_ANALYZER_NONNULL = YES;
				CLANG_ANALYZER_NUMBER_OBJECT_CONVERSION = YES_AGGRESSIVE;
				CLANG_CXX_LANGUAGE_STANDARD = "gnu++14";
				CLANG_CXX_LIBRARY = "libc++";
				CLANG_ENABLE_MODULES = YES;
				CLANG_ENABLE_OBJC_ARC = YES;
				CLANG_ENABLE_OBJC_WEAK = YES;
				CLANG_WARN_BLOCK_CAPTURE_AUTORELEASING = YES;
				CLANG_WARN_BOOL_CONVERSION = YES;
				CLANG_WARN_COMMA = YES;
				CLANG_WARN_CONSTANT_CONVERSION = YES;
				CLANG_WARN_DEPRECATED_OBJC_IMPLEMENTATIONS = YES;
				CLANG_WARN_DIRECT_OBJC_ISA_USAGE = YES_ERROR;
				CLANG_WARN_DOCUMENTATION_COMMENTS = YES;
				CLANG_WARN_EMPTY_BODY = YES;
				CLANG_WARN_ENUM_CONVERSION = YES;
				CLANG_WARN_INFINITE_RECURSION = YES;
				CLANG_WARN_INT_CONVERSION = YES;
				CLANG_WARN_NON_LITERAL_NULL_CONVERSION = YES;
				CLANG_WARN_OBJC_IMPLICIT_RETAIN_SELF = YES;
				CLANG_WARN_OBJC_LITERAL_CONVERSION = YES;
				CLANG_WARN_OBJC_ROOT_CLASS = YES_ERROR;
				CLANG_WARN_RANGE_LOOP_ANALYSIS = YES;
				CLANG_WARN_STRICT_PROTOTYPES = YES;
				CLANG_WARN_SUSPICIOUS_MOVE = YES;
				CLANG_WARN_UNGUARDED_AVAILABILITY = YES_AGGRESSIVE;
				CLANG_WARN_UNREACHABLE_CODE = YES;
				CLANG_WARN__DUPLICATE_METHOD_MATCH = YES;
				COPY_PHASE_STRIP = NO;
				DEBUG_INFORMATION_FORMAT = dwarf;
				ENABLE_STRICT_OBJC_MSGSEND = YES;
				ENABLE_TESTABILITY = YES;
				GCC_C_LANGUAGE_STANDARD = gnu11;
				GCC_DYNAMIC_NO_PIC = NO;
				GCC_NO_COMMON_BLOCKS = YES;
				GCC_OPTIMIZATION_LEVEL = 0;
				GCC_PREPROCESSOR_DEFINITIONS = (
					"DEBUG=1",
					"$(inherited)",
				);
				GCC_WARN_64_TO_32_BIT_CONVERSION = YES;
				GCC_WARN_ABOUT_RETURN_TYPE = YES_ERROR;
				GCC_WARN_UNDECLARED_SELECTOR = YES;
				GCC_WARN_UNINITIALIZED_AUTOS = YES_AGGRESSIVE;
				GCC_WARN_UNUSED_FUNCTION = YES;
				GCC_WARN_UNUSED_VARIABLE = YES;
				IPHONEOS_DEPLOYMENT_TARGET = 13.1;
				MTL_ENABLE_DEBUG_INFO = INCLUDE_SOURCE;
				MTL_FAST_MATH = YES;
				ONLY_ACTIVE_ARCH = YES;
				SDKROOT = iphoneos;
				SWIFT_ACTIVE_COMPILATION_CONDITIONS = DEBUG;
				SWIFT_OPTIMIZATION_LEVEL = "-Onone";
			};
			name = Debug;
		};
		CC20F1BA2355778E005ED0C5 /* Release */ = {
			isa = XCBuildConfiguration;
			buildSettings = {
				ALWAYS_SEARCH_USER_PATHS = NO;
				CLANG_ANALYZER_NONNULL = YES;
				CLANG_ANALYZER_NUMBER_OBJECT_CONVERSION = YES_AGGRESSIVE;
				CLANG_CXX_LANGUAGE_STANDARD = "gnu++14";
				CLANG_CXX_LIBRARY = "libc++";
				CLANG_ENABLE_MODULES = YES;
				CLANG_ENABLE_OBJC_ARC = YES;
				CLANG_ENABLE_OBJC_WEAK = YES;
				CLANG_WARN_BLOCK_CAPTURE_AUTORELEASING = YES;
				CLANG_WARN_BOOL_CONVERSION = YES;
				CLANG_WARN_COMMA = YES;
				CLANG_WARN_CONSTANT_CONVERSION = YES;
				CLANG_WARN_DEPRECATED_OBJC_IMPLEMENTATIONS = YES;
				CLANG_WARN_DIRECT_OBJC_ISA_USAGE = YES_ERROR;
				CLANG_WARN_DOCUMENTATION_COMMENTS = YES;
				CLANG_WARN_EMPTY_BODY = YES;
				CLANG_WARN_ENUM_CONVERSION = YES;
				CLANG_WARN_INFINITE_RECURSION = YES;
				CLANG_WARN_INT_CONVERSION = YES;
				CLANG_WARN_NON_LITERAL_NULL_CONVERSION = YES;
				CLANG_WARN_OBJC_IMPLICIT_RETAIN_SELF = YES;
				CLANG_WARN_OBJC_LITERAL_CONVERSION = YES;
				CLANG_WARN_OBJC_ROOT_CLASS = YES_ERROR;
				CLANG_WARN_RANGE_LOOP_ANALYSIS = YES;
				CLANG_WARN_STRICT_PROTOTYPES = YES;
				CLANG_WARN_SUSPICIOUS_MOVE = YES;
				CLANG_WARN_UNGUARDED_AVAILABILITY = YES_AGGRESSIVE;
				CLANG_WARN_UNREACHABLE_CODE = YES;
				CLANG_WARN__DUPLICATE_METHOD_MATCH = YES;
				COPY_PHASE_STRIP = NO;
				DEBUG_INFORMATION_FORMAT = "dwarf-with-dsym";
				ENABLE_NS_ASSERTIONS = NO;
				ENABLE_STRICT_OBJC_MSGSEND = YES;
				GCC_C_LANGUAGE_STANDARD = gnu11;
				GCC_NO_COMMON_BLOCKS = YES;
				GCC_WARN_64_TO_32_BIT_CONVERSION = YES;
				GCC_WARN_ABOUT_RETURN_TYPE = YES_ERROR;
				GCC_WARN_UNDECLARED_SELECTOR = YES;
				GCC_WARN_UNINITIALIZED_AUTOS = YES_AGGRESSIVE;
				GCC_WARN_UNUSED_FUNCTION = YES;
				GCC_WARN_UNUSED_VARIABLE = YES;
				IPHONEOS_DEPLOYMENT_TARGET = 13.1;
				MTL_ENABLE_DEBUG_INFO = NO;
				MTL_FAST_MATH = YES;
				SDKROOT = iphoneos;
				SWIFT_COMPILATION_MODE = wholemodule;
				SWIFT_OPTIMIZATION_LEVEL = "-O";
				VALIDATE_PRODUCT = YES;
			};
			name = Release;
		};
		CC20F1BC2355778E005ED0C5 /* Debug */ = {
			isa = XCBuildConfiguration;
			baseConfigurationReference = E401F237368C2280804553BB /* Pods-todo-demo-starter.debug.xcconfig */;
			buildSettings = {
				ASSETCATALOG_COMPILER_APPICON_NAME = AppIcon;
				CODE_SIGN_STYLE = Automatic;
				DEVELOPMENT_TEAM = ZMU5L9ZH77;
				INFOPLIST_FILE = "todo-demo-starter/Info.plist";
				LD_RUNPATH_SEARCH_PATHS = (
					"$(inherited)",
					"@executable_path/Frameworks",
				);
				PRODUCT_BUNDLE_IDENTIFIER = "live.DittoLive.todo-demo-starter";
				PRODUCT_NAME = "$(TARGET_NAME)";
				SWIFT_VERSION = 5.0;
				TARGETED_DEVICE_FAMILY = "1,2";
			};
			name = Debug;
		};
		CC20F1BD2355778E005ED0C5 /* Release */ = {
			isa = XCBuildConfiguration;
			baseConfigurationReference = 67B7A47D5D16C7E9EE2F9B83 /* Pods-todo-demo-starter.release.xcconfig */;
			buildSettings = {
				ASSETCATALOG_COMPILER_APPICON_NAME = AppIcon;
				CODE_SIGN_STYLE = Automatic;
				DEVELOPMENT_TEAM = ZMU5L9ZH77;
				INFOPLIST_FILE = "todo-demo-starter/Info.plist";
				LD_RUNPATH_SEARCH_PATHS = (
					"$(inherited)",
					"@executable_path/Frameworks",
				);
				PRODUCT_BUNDLE_IDENTIFIER = "live.DittoLive.todo-demo-starter";
				PRODUCT_NAME = "$(TARGET_NAME)";
				SWIFT_VERSION = 5.0;
				TARGETED_DEVICE_FAMILY = "1,2";
			};
			name = Release;
		};
/* End XCBuildConfiguration section */

/* Begin XCConfigurationList section */
		CC20F1A22355778D005ED0C5 /* Build configuration list for PBXProject "todo-demo-starter" */ = {
			isa = XCConfigurationList;
			buildConfigurations = (
				CC20F1B92355778E005ED0C5 /* Debug */,
				CC20F1BA2355778E005ED0C5 /* Release */,
			);
			defaultConfigurationIsVisible = 0;
			defaultConfigurationName = Release;
		};
		CC20F1BB2355778E005ED0C5 /* Build configuration list for PBXNativeTarget "todo-demo-starter" */ = {
			isa = XCConfigurationList;
			buildConfigurations = (
				CC20F1BC2355778E005ED0C5 /* Debug */,
				CC20F1BD2355778E005ED0C5 /* Release */,
			);
			defaultConfigurationIsVisible = 0;
			defaultConfigurationName = Release;
		};
/* End XCConfigurationList section */
	};
	rootObject = CC20F19F2355778D005ED0C5 /* Project object */;
}
